dependencies:
- name: postgresql
  repository: https://charts.bitnami.com/bitnami
  version: 18.3.0
- name: cert-manager
  repository: oci://quay.io/jetstack/charts
  version: v1.20.0
digest: sha256:7f30f65c9867145ab468d9c34876513a2edd1149b493de0467aa111607cac779
generated: "2026-03-19T14:04:27.676488363-04:00"
